
Microsoft Visual Studio Solution File, Format Version 12.00
# Visual Studio 15
VisualStudioVersion = 15.0.27703.2026
MinimumVisualStudioVersion = 10.0.40219.1
Project("{9A19103F-16F7-4668-BE54-9A1E7A4F7556}") = "Settlements.AzureProtoType.WindowsService", "Settlements.AzureProtoType.WindowsService\Settlements.AzureProtoType.WindowsService.csproj", "{067CDC01-E115-4559-A51D-89E2A77AD09B}"
EndProject
Project("{9A19103F-16F7-4668-BE54-9A1E7A4F7556}") = "Settlements.AzurePrototyp.Business", "Settlements.AzurePrototyp.Business\Settlements.AzurePrototyp.Business.csproj", "{6E3F032B-C55C-4573-9453-1AE38B8F2F3E}"
EndProject
Project("{FAE04EC0-301F-11D3-BF4B-00C04F79EFBC}") = "Settlements.AzureProtoType.Functions", "Settlements.AzureProtoType.Functions\Settlements.AzureProtoType.Functions.csproj", "{30C14ABD-7C4F-4880-B7C9-6A0156748F24}"
EndProject
Project("{FAE04EC0-301F-11D3-BF4B-00C04F79EFBC}") = "Settlements.Azure.ProtoType.TestConsole", "Settlements.Azure.ProtoType.TestConsole\Settlements.Azure.ProtoType.TestConsole.csproj", "{B48CDFFD-6922-4B6D-A775-3CF3221159AD}"
EndProject
Global
	GlobalSection(SolutionConfigurationPlatforms) = preSolution
		Debug|Any CPU = Debug|Any CPU
		Release|Any CPU = Release|Any CPU
	EndGlobalSection
	GlobalSection(ProjectConfigurationPlatforms) = postSolution
		{067CDC01-E115-4559-A51D-89E2A77AD09B}.Debug|Any CPU.ActiveCfg = Debug|Any CPU
		{067CDC01-E115-4559-A51D-89E2A77AD09B}.Debug|Any CPU.Build.0 = Debug|Any CPU
		{067CDC01-E115-4559-A51D-89E2A77AD09B}.Release|Any CPU.ActiveCfg = Release|Any CPU
		{067CDC01-E115-4559-A51D-89E2A77AD09B}.Release|Any CPU.Build.0 = Release|Any CPU
		{6E3F032B-C55C-4573-9453-1AE38B8F2F3E}.Debug|Any CPU.ActiveCfg = Debug|Any CPU
		{6E3F032B-C55C-4573-9453-1AE38B8F2F3E}.Debug|Any CPU.Build.0 = Debug|Any CPU
		{6E3F032B-C55C-4573-9453-1AE38B8F2F3E}.Release|Any CPU.ActiveCfg = Release|Any CPU
		{6E3F032B-C55C-4573-9453-1AE38B8F2F3E}.Release|Any CPU.Build.0 = Release|Any CPU
		{30C14ABD-7C4F-4880-B7C9-6A0156748F24}.Debug|Any CPU.ActiveCfg = Debug|Any CPU
		{30C14ABD-7C4F-4880-B7C9-6A0156748F24}.Debug|Any CPU.Build.0 = Debug|Any CPU
		{30C14ABD-7C4F-4880-B7C9-6A0156748F24}.Release|Any CPU.ActiveCfg = Release|Any CPU
		{30C14ABD-7C4F-4880-B7C9-6A0156748F24}.Release|Any CPU.Build.0 = Release|Any CPU
		{B48CDFFD-6922-4B6D-A775-3CF3221159AD}.Debug|Any CPU.ActiveCfg = Debug|Any CPU
		{B48CDFFD-6922-4B6D-A775-3CF3221159AD}.Debug|Any CPU.Build.0 = Debug|Any CPU
		{B48CDFFD-6922-4B6D-A775-3CF3221159AD}.Release|Any CPU.ActiveCfg = Release|Any CPU
		{B48CDFFD-6922-4B6D-A775-3CF3221159AD}.Release|Any CPU.Build.0 = Release|Any CPU
	EndGlobalSection
	GlobalSection(SolutionProperties) = preSolution
		HideSolutionNode = FALSE
	EndGlobalSection
	GlobalSection(ExtensibilityGlobals) = postSolution
		SolutionGuid = {6CC05D8A-1105-4E52-B059-13B7BCC5CD7C}
	EndGlobalSection
EndGlobal
